
Microsoft Visual Studio Solution File, Format Version 12.00
# Visual Studio Version 17
VisualStudioVersion = 17.5.33424.131
MinimumVisualStudioVersion = 10.0.40219.1
Project("{FAE04EC0-301F-11D3-BF4B-00C04F79EFBC}") = "ABS.WebApp", "ABS.WebApp\ABS.WebApp.csproj", "{F718AE88-8EDB-495F-AB16-B950F22CD63B}"
EndProject
Project("{9A19103F-16F7-4668-BE54-9A1E7A4F7556}") = "ABS.FileGeneration", "ABS.FileGeneration\ABS.FileGeneration.csproj", "{0F81A8D7-51D8-489E-AA13-EB4AECF832DC}"
EndProject
Project("{9A19103F-16F7-4668-BE54-9A1E7A4F7556}") = "ABS.FileGenerationAPI", "ABS.FileGenerationAPI\ABS.FileGenerationAPI.csproj", "{FBC57205-77A5-4C4F-91DB-299775491E88}"
EndProject
Project("{9A19103F-16F7-4668-BE54-9A1E7A4F7556}") = "ABS.FileGeneration.Test", "ABS.FileGeneration.Test\ABS.FileGeneration.Test.csproj", "{D2C9CD6B-2E50-4C1F-9BE6-3DE7B94A6586}"
EndProject
Global
	GlobalSection(SolutionConfigurationPlatforms) = preSolution
		Debug|Any CPU = Debug|Any CPU
		Release|Any CPU = Release|Any CPU
	EndGlobalSection
	GlobalSection(ProjectConfigurationPlatforms) = postSolution
		{F718AE88-8EDB-495F-AB16-B950F22CD63B}.Debug|Any CPU.ActiveCfg = Debug|Any CPU
		{F718AE88-8EDB-495F-AB16-B950F22CD63B}.Debug|Any CPU.Build.0 = Debug|Any CPU
		{F718AE88-8EDB-495F-AB16-B950F22CD63B}.Release|Any CPU.ActiveCfg = Release|Any CPU
		{F718AE88-8EDB-495F-AB16-B950F22CD63B}.Release|Any CPU.Build.0 = Release|Any CPU
		{0F81A8D7-51D8-489E-AA13-EB4AECF832DC}.Debug|Any CPU.ActiveCfg = Debug|Any CPU
		{0F81A8D7-51D8-489E-AA13-EB4AECF832DC}.Debug|Any CPU.Build.0 = Debug|Any CPU
		{0F81A8D7-51D8-489E-AA13-EB4AECF832DC}.Release|Any CPU.ActiveCfg = Release|Any CPU
		{0F81A8D7-51D8-489E-AA13-EB4AECF832DC}.Release|Any CPU.Build.0 = Release|Any CPU
		{FBC57205-77A5-4C4F-91DB-299775491E88}.Debug|Any CPU.ActiveCfg = Debug|Any CPU
		{FBC57205-77A5-4C4F-91DB-299775491E88}.Debug|Any CPU.Build.0 = Debug|Any CPU
		{FBC57205-77A5-4C4F-91DB-299775491E88}.Release|Any CPU.ActiveCfg = Release|Any CPU
		{FBC57205-77A5-4C4F-91DB-299775491E88}.Release|Any CPU.Build.0 = Release|Any CPU
		{D2C9CD6B-2E50-4C1F-9BE6-3DE7B94A6586}.Debug|Any CPU.ActiveCfg = Debug|Any CPU
		{D2C9CD6B-2E50-4C1F-9BE6-3DE7B94A6586}.Debug|Any CPU.Build.0 = Debug|Any CPU
		{D2C9CD6B-2E50-4C1F-9BE6-3DE7B94A6586}.Release|Any CPU.ActiveCfg = Release|Any CPU
		{D2C9CD6B-2E50-4C1F-9BE6-3DE7B94A6586}.Release|Any CPU.Build.0 = Release|Any CPU
	EndGlobalSection
	GlobalSection(SolutionProperties) = preSolution
		HideSolutionNode = FALSE
	EndGlobalSection
	GlobalSection(ExtensibilityGlobals) = postSolution
		SolutionGuid = {D9F89140-A959-4CDE-9CA7-708C75CAFC55}
	EndGlobalSection
EndGlobal
